
Microsoft Visual Studio Solution File, Format Version 12.00
# Visual Studio Version 16
VisualStudioVersion = 16.0.29709.97
MinimumVisualStudioVersion = 10.0.40219.1
Project("{FAE04EC0-301F-11D3-BF4B-00C04F79EFBC}") = "Test", "Test\Test.csproj", "{F900924E-8DEF-4AF0-B3DA-8E7799FDC31E}"
EndProject
Global
	GlobalSection(SolutionConfigurationPlatforms) = preSolution
		Debug|Any CPU = Debug|Any CPU
		Release|Any CPU = Release|Any CPU
	EndGlobalSection
	GlobalSection(ProjectConfigurationPlatforms) = postSolution
		{F900924E-8DEF-4AF0-B3DA-8E7799FDC31E}.Debug|Any CPU.ActiveCfg = Debug|Any CPU
		{F900924E-8DEF-4AF0-B3DA-8E7799FDC31E}.Debug|Any CPU.Build.0 = Debug|Any CPU
		{F900924E-8DEF-4AF0-B3DA-8E7799FDC31E}.Release|Any CPU.ActiveCfg = Release|Any CPU
		{F900924E-8DEF-4AF0-B3DA-8E7799FDC31E}.Release|Any CPU.Build.0 = Release|Any CPU
	EndGlobalSection
	GlobalSection(SolutionProperties) = preSolution
		HideSolutionNode = FALSE
	EndGlobalSection
	GlobalSection(ExtensibilityGlobals) = postSolution
		SolutionGuid = {FFC05ED8-2EE9-4925-BF97-7B79DCECD6E6}
	EndGlobalSection
EndGlobal
